// !$*UTF8*$!
{
	archiveVersion = 1;
	classes = {
	};
	objectVersion = 46;
	objects = {

/* Begin PBXBuildFile section */
		0228EBB9277C91B46CCC1962 /* libPods.a in Frameworks */ = {isa = PBXBuildFile; fileRef = 0C3F1E40AE1504999FDF8060 /* libPods.a */; };
		D907C9F51AFCE0DB0034D444 /* FrendTableViewController.swift in Sources */ = {isa = PBXBuildFile; fileRef = D907C9F41AFCE0DB0034D444 /* FrendTableViewController.swift */; };
		D907C9F71AFCE0FC0034D444 /* HomeViewController.swift in Sources */ = {isa = PBXBuildFile; fileRef = D907C9F61AFCE0FC0034D444 /* HomeViewController.swift */; };
		D907E2181AE75A3400B37D56 /* ChatManager.swift in Sources */ = {isa = PBXBuildFile; fileRef = D907E2171AE75A3400B37D56 /* ChatManager.swift */; };
		D90840A01AE5F90900FA31C0 /* ChatConversation.swift in Sources */ = {isa = PBXBuildFile; fileRef = D908409F1AE5F90900FA31C0 /* ChatConversation.swift */; };
		D908E91D1AE8D6F500C984C7 /* NetworkUserAPI.swift in Sources */ = {isa = PBXBuildFile; fileRef = D908E91C1AE8D6F500C984C7 /* NetworkUserAPI.swift */; };
		D908E91F1AE8EADC00C984C7 /* MessageManager.swift in Sources */ = {isa = PBXBuildFile; fileRef = D908E91E1AE8EADC00C984C7 /* MessageManager.swift */; };
		D908E9211AE8ECD100C984C7 /* TextMessage.swift in Sources */ = {isa = PBXBuildFile; fileRef = D908E9201AE8ECD100C984C7 /* TextMessage.swift */; };
		D908E9231AE90E0F00C984C7 /* LoginViewController.swift in Sources */ = {isa = PBXBuildFile; fileRef = D908E9221AE90E0F00C984C7 /* LoginViewController.swift */; };
		D908E9251AE9E33100C984C7 /* AccountManager.swift in Sources */ = {isa = PBXBuildFile; fileRef = D908E9241AE9E33100C984C7 /* AccountManager.swift */; };
		D912452A1AFDB55900480181 /* IMGroupManager.swift in Sources */ = {isa = PBXBuildFile; fileRef = D91245291AFDB55900480181 /* IMGroupManager.swift */; };
		D912452C1AFDDA2800480181 /* GroupTableViewController.swift in Sources */ = {isa = PBXBuildFile; fileRef = D912452B1AFDDA2800480181 /* GroupTableViewController.swift */; };
		D91245371AFE0BBD00480181 /* IMGroupModel.swift in Sources */ = {isa = PBXBuildFile; fileRef = D91245361AFE0BBD00480181 /* IMGroupModel.swift */; };
		D921BFA31AEA20830054DD99 /* IMConstants.swift in Sources */ = {isa = PBXBuildFile; fileRef = D921BFA21AEA20830054DD99 /* IMConstants.swift */; };
		D92439F81B00C28100A7AAA4 /* AccountModel.swift in Sources */ = {isa = PBXBuildFile; fileRef = D92439F71B00C28100A7AAA4 /* AccountModel.swift */; };
		D92BF8071AE25B2F00031C63 /* AppDelegate.swift in Sources */ = {isa = PBXBuildFile; fileRef = D92BF8061AE25B2F00031C63 /* AppDelegate.swift */; };
		D92BF80E1AE25B2F00031C63 /* Images.xcassets in Resources */ = {isa = PBXBuildFile; fileRef = D92BF80D1AE25B2F00031C63 /* Images.xcassets */; };
		D92BF8111AE25B2F00031C63 /* LaunchScreen.xib in Resources */ = {isa = PBXBuildFile; fileRef = D92BF80F1AE25B2F00031C63 /* LaunchScreen.xib */; };
		D92BF81D1AE25B2F00031C63 /* TZIMTests.swift in Sources */ = {isa = PBXBuildFile; fileRef = D92BF81C1AE25B2F00031C63 /* TZIMTests.swift */; };
		D92BF8681AE25B5C00031C63 /* AESCrypt.m in Sources */ = {isa = PBXBuildFile; fileRef = D92BF82D1AE25B5B00031C63 /* AESCrypt.m */; };
		D92BF8691AE25B5C00031C63 /* NSData+Base64.m in Sources */ = {isa = PBXBuildFile; fileRef = D92BF82F1AE25B5B00031C63 /* NSData+Base64.m */; };
		D92BF86A1AE25B5C00031C63 /* NSData+CommonCrypto.m in Sources */ = {isa = PBXBuildFile; fileRef = D92BF8311AE25B5B00031C63 /* NSData+CommonCrypto.m */; };
		D92BF86B1AE25B5C00031C63 /* NSString+Base64.m in Sources */ = {isa = PBXBuildFile; fileRef = D92BF8331AE25B5B00031C63 /* NSString+Base64.m */; };
		D92BF86C1AE25B5C00031C63 /* AudioMessage.swift in Sources */ = {isa = PBXBuildFile; fileRef = D92BF8341AE25B5B00031C63 /* AudioMessage.swift */; };
		D92BF86D1AE25B5C00031C63 /* BaseDaoHelper.swift in Sources */ = {isa = PBXBuildFile; fileRef = D92BF8351AE25B5B00031C63 /* BaseDaoHelper.swift */; };
		D92BF86E1AE25B5C00031C63 /* BaseMessage.swift in Sources */ = {isa = PBXBuildFile; fileRef = D92BF8361AE25B5B00031C63 /* BaseMessage.swift */; };
		D92BF8701AE25B5C00031C63 /* ChatMessageDaoHelper.swift in Sources */ = {isa = PBXBuildFile; fileRef = D92BF8381AE25B5B00031C63 /* ChatMessageDaoHelper.swift */; };
		D92BF8711AE25B5C00031C63 /* ConnectionManager.swift in Sources */ = {isa = PBXBuildFile; fileRef = D92BF8391AE25B5C00031C63 /* ConnectionManager.swift */; };
		D92BF8721AE25B5C00031C63 /* DaoHelper.swift in Sources */ = {isa = PBXBuildFile; fileRef = D92BF83A1AE25B5C00031C63 /* DaoHelper.swift */; };
		D92BF8731AE25B5C00031C63 /* libGexinSdk-1.1.1.a in Frameworks */ = {isa = PBXBuildFile; fileRef = D92BF83F1AE25B5C00031C63 /* libGexinSdk-1.1.1.a */; };
		D92BF8741AE25B5C00031C63 /* FMDatabase.m in Sources */ = {isa = PBXBuildFile; fileRef = D92BF8421AE25B5C00031C63 /* FMDatabase.m */; };
		D92BF8751AE25B5C00031C63 /* FMDatabaseAdditions.m in Sources */ = {isa = PBXBuildFile; fileRef = D92BF8441AE25B5C00031C63 /* FMDatabaseAdditions.m */; };
		D92BF8761AE25B5C00031C63 /* FMDatabasePool.m in Sources */ = {isa = PBXBuildFile; fileRef = D92BF8461AE25B5C00031C63 /* FMDatabasePool.m */; };
		D92BF8771AE25B5C00031C63 /* FMDatabaseQueue.m in Sources */ = {isa = PBXBuildFile; fileRef = D92BF8481AE25B5C00031C63 /* FMDatabaseQueue.m */; };
		D92BF8781AE25B5C00031C63 /* FMResultSet.m in Sources */ = {isa = PBXBuildFile; fileRef = D92BF84B1AE25B5C00031C63 /* FMResultSet.m */; };
		D92BF8791AE25B5C00031C63 /* ImageMessage.swift in Sources */ = {isa = PBXBuildFile; fileRef = D92BF84C1AE25B5C00031C63 /* ImageMessage.swift */; };
		D92BF87A1AE25B5C00031C63 /* LocationMessage.swift in Sources */ = {isa = PBXBuildFile; fileRef = D92BF84D1AE25B5C00031C63 /* LocationMessage.swift */; };
		D92BF87B1AE25B5C00031C63 /* LvAppDelegate.swift in Sources */ = {isa = PBXBuildFile; fileRef = D92BF84E1AE25B5C00031C63 /* LvAppDelegate.swift */; };
		D92BF87C1AE25B5C00031C63 /* LvSDKManager.swift in Sources */ = {isa = PBXBuildFile; fileRef = D92BF84F1AE25B5C00031C63 /* LvSDKManager.swift */; };
		D92BF87D1AE25B5C00031C63 /* MessageTransferManager.swift in Sources */ = {isa = PBXBuildFile; fileRef = D92BF8501AE25B5C00031C63 /* MessageTransferManager.swift */; };
		D92BF87E1AE25B5C00031C63 /* MessageProtocol.swift in Sources */ = {isa = PBXBuildFile; fileRef = D92BF8511AE25B5C00031C63 /* MessageProtocol.swift */; };
		D92BF87F1AE25B5C00031C63 /* MessageReceiveManager.swift in Sources */ = {isa = PBXBuildFile; fileRef = D92BF8521AE25B5C00031C63 /* MessageReceiveManager.swift */; };
		D92BF8801AE25B5C00031C63 /* MessageSendManager.swift in Sources */ = {isa = PBXBuildFile; fileRef = D92BF8531AE25B5C00031C63 /* MessageSendManager.swift */; };
		D92BF8811AE25B5C00031C63 /* MetaDataDaoHelper.swift in Sources */ = {isa = PBXBuildFile; fileRef = D92BF8541AE25B5C00031C63 /* MetaDataDaoHelper.swift */; };
		D92BF8821AE25B5C00031C63 /* PushSDK.swift in Sources */ = {isa = PBXBuildFile; fileRef = D92BF8551AE25B5C00031C63 /* PushSDK.swift */; };
		D92BF8831AE25B5C00031C63 /* amrFileCodec.mm in Sources */ = {isa = PBXBuildFile; fileRef = D92BF85A1AE25B5C00031C63 /* amrFileCodec.mm */; };
		D92BF8841AE25B5C00031C63 /* wav.mm in Sources */ = {isa = PBXBuildFile; fileRef = D92BF85C1AE25B5C00031C63 /* wav.mm */; };
		D92BF8851AE25B5C00031C63 /* libopencore-amrnb.a in Frameworks */ = {isa = PBXBuildFile; fileRef = D92BF85E1AE25B5C00031C63 /* libopencore-amrnb.a */; };
		D92BF8861AE25B5C00031C63 /* libopencore-amrwb.a in Frameworks */ = {isa = PBXBuildFile; fileRef = D92BF85F1AE25B5C00031C63 /* libopencore-amrwb.a */; };
		D92BF8871AE25B5C00031C63 /* VoiceConverter.mm in Sources */ = {isa = PBXBuildFile; fileRef = D92BF8671AE25B5C00031C63 /* VoiceConverter.mm */; };
		D92BF8A01AE25B6B00031C63 /* bubbleMine.png in Resources */ = {isa = PBXBuildFile; fileRef = D92BF88B1AE25B6B00031C63 /* bubbleMine.png */; };
		D92BF8A11AE25B6B00031C63 /* bubbleMine@2x.png in Resources */ = {isa = PBXBuildFile; fileRef = D92BF88C1AE25B6B00031C63 /* bubbleMine@2x.png */; };
		D92BF8A21AE25B6B00031C63 /* bubbleSomeone.png in Resources */ = {isa = PBXBuildFile; fileRef = D92BF88D1AE25B6B00031C63 /* bubbleSomeone.png */; };
		D92BF8A31AE25B6B00031C63 /* bubbleSomeone@2x.png in Resources */ = {isa = PBXBuildFile; fileRef = D92BF88E1AE25B6B00031C63 /* bubbleSomeone@2x.png */; };
		D92BF8A41AE25B6B00031C63 /* NSBubbleData.m in Sources */ = {isa = PBXBuildFile; fileRef = D92BF8901AE25B6B00031C63 /* NSBubbleData.m */; };
		D92BF8A51AE25B6B00031C63 /* UIBubbleHeaderTableViewCell.m in Sources */ = {isa = PBXBuildFile; fileRef = D92BF8921AE25B6B00031C63 /* UIBubbleHeaderTableViewCell.m */; };
		D92BF8A61AE25B6B00031C63 /* UIBubbleTableView.m in Sources */ = {isa = PBXBuildFile; fileRef = D92BF8941AE25B6B00031C63 /* UIBubbleTableView.m */; };
		D92BF8A71AE25B6B00031C63 /* UIBubbleTableViewCell.m in Sources */ = {isa = PBXBuildFile; fileRef = D92BF8961AE25B6B00031C63 /* UIBubbleTableViewCell.m */; };
		D92BF8A81AE25B6B00031C63 /* UIBubbleTypingTableViewCell.m in Sources */ = {isa = PBXBuildFile; fileRef = D92BF8991AE25B6B00031C63 /* UIBubbleTypingTableViewCell.m */; };
		D92BF8A91AE25B6B00031C63 /* ChatViewController.m in Sources */ = {isa = PBXBuildFile; fileRef = D92BF89C1AE25B6B00031C63 /* ChatViewController.m */; };
		D92BF8AA1AE25B6B00031C63 /* ChatViewController.xib in Resources */ = {isa = PBXBuildFile; fileRef = D92BF89D1AE25B6B00031C63 /* ChatViewController.xib */; };
		D92BF8AB1AE25B6B00031C63 /* ConversationViewController.m in Sources */ = {isa = PBXBuildFile; fileRef = D92BF89F1AE25B6B00031C63 /* ConversationViewController.m */; };
		D92BF8AD1AE25B7E00031C63 /* UIKit.framework in Frameworks */ = {isa = PBXBuildFile; fileRef = D92BF8AC1AE25B7E00031C63 /* UIKit.framework */; };
		D92BF8AF1AE25B8300031C63 /* Foundation.framework in Frameworks */ = {isa = PBXBuildFile; fileRef = D92BF8AE1AE25B8300031C63 /* Foundation.framework */; };
		D92BF8B11AE25B8C00031C63 /* CoreGraphics.framework in Frameworks */ = {isa = PBXBuildFile; fileRef = D92BF8B01AE25B8C00031C63 /* CoreGraphics.framework */; };
		D92BF8B31AE25B9100031C63 /* CFNetwork.framework in Frameworks */ = {isa = PBXBuildFile; fileRef = D92BF8B21AE25B9100031C63 /* CFNetwork.framework */; };
		D92BF8B51AE25B9600031C63 /* Security.framework in Frameworks */ = {isa = PBXBuildFile; fileRef = D92BF8B41AE25B9600031C63 /* Security.framework */; };
		D92BF8B71AE25B9E00031C63 /* SystemConfiguration.framework in Frameworks */ = {isa = PBXBuildFile; fileRef = D92BF8B61AE25B9E00031C63 /* SystemConfiguration.framework */; };
		D92BF8B91AE25BA600031C63 /* libsqlite3.dylib in Frameworks */ = {isa = PBXBuildFile; fileRef = D92BF8B81AE25BA600031C63 /* libsqlite3.dylib */; };
		D92BF8BB1AE25BAD00031C63 /* CoreAudio.framework in Frameworks */ = {isa = PBXBuildFile; fileRef = D92BF8BA1AE25BAD00031C63 /* CoreAudio.framework */; };
		D92BF8BD1AE25BB400031C63 /* AudioToolbox.framework in Frameworks */ = {isa = PBXBuildFile; fileRef = D92BF8BC1AE25BB400031C63 /* AudioToolbox.framework */; };
		D92BF8BF1AE25BB900031C63 /* AVFoundation.framework in Frameworks */ = {isa = PBXBuildFile; fileRef = D92BF8BE1AE25BB900031C63 /* AVFoundation.framework */; };
		D92BF8C11AE25BC000031C63 /* libz.dylib in Frameworks */ = {isa = PBXBuildFile; fileRef = D92BF8C01AE25BC000031C63 /* libz.dylib */; };
		D92BF8C31AE25C6B00031C63 /* Main.storyboard in Resources */ = {isa = PBXBuildFile; fileRef = D92BF8C21AE25C6B00031C63 /* Main.storyboard */; };
		D96393431AE7963500725E4C /* AudioDeviceManager.swift in Sources */ = {isa = PBXBuildFile; fileRef = D96393421AE7963500725E4C /* AudioDeviceManager.swift */; };
		D96393451AE79FB000725E4C /* ChatManagerAudio.swift in Sources */ = {isa = PBXBuildFile; fileRef = D96393441AE79FB000725E4C /* ChatManagerAudio.swift */; };
		D96393471AE79FE200725E4C /* ChatManagerMessage.swift in Sources */ = {isa = PBXBuildFile; fileRef = D96393461AE79FE200725E4C /* ChatManagerMessage.swift */; };
		D966BAEB1AFB9C0B00FA53E7 /* ChatConversationManager.swift in Sources */ = {isa = PBXBuildFile; fileRef = D966BAEA1AFB9C0B00FA53E7 /* ChatConversationManager.swift */; };
		D970978B1AEE68B900B9D3AF /* MetadataManager.swift in Sources */ = {isa = PBXBuildFile; fileRef = D970978A1AEE68B900B9D3AF /* MetadataManager.swift */; };
		D9B9EFF31AF0C69E000331B5 /* MessageReceivePool.swift in Sources */ = {isa = PBXBuildFile; fileRef = D9B9EFF21AF0C69E000331B5 /* MessageReceivePool.swift */; };
		D9C931FD1AE605C6003FEBA3 /* ConversationDaoHelper.swift in Sources */ = {isa = PBXBuildFile; fileRef = D9C931FC1AE605C6003FEBA3 /* ConversationDaoHelper.swift */; };
		D9C932011AE66B66003FEBA3 /* FrendModel.swift in Sources */ = {isa = PBXBuildFile; fileRef = D9C932001AE66B66003FEBA3 /* FrendModel.swift */; };
		D9C932041AE6852C003FEBA3 /* FrendManager.swift in Sources */ = {isa = PBXBuildFile; fileRef = D9C932031AE6852C003FEBA3 /* FrendManager.swift */; };
		D9E6B9F11AE4FA5000C95767 /* UserDaoHelper.swift in Sources */ = {isa = PBXBuildFile; fileRef = D9E6B9F01AE4FA5000C95767 /* UserDaoHelper.swift */; };
		D9E6B9F41AE513F400C95767 /* GroupDaoHelper.swift in Sources */ = {isa = PBXBuildFile; fileRef = D9E6B9F31AE513F400C95767 /* GroupDaoHelper.swift */; };
		D9E6B9F81AE51D2C00C95767 /* NetworkTransportAPI.swift in Sources */ = {isa = PBXBuildFile; fileRef = D9E6B9F71AE51D2C00C95767 /* NetworkTransportAPI.swift */; };
/* End PBXBuildFile section */

/* Begin PBXContainerItemProxy section */
		D92BF8171AE25B2F00031C63 /* PBXContainerItemProxy */ = {
			isa = PBXContainerItemProxy;
			containerPortal = D92BF7F91AE25B2F00031C63 /* Project object */;
			proxyType = 1;
			remoteGlobalIDString = D92BF8001AE25B2F00031C63;
			remoteInfo = TZIM;
		};
/* End PBXContainerItemProxy section */

/* Begin PBXFileReference section */
		0C3F1E40AE1504999FDF8060 /* libPods.a */ = {isa = PBXFileReference; explicitFileType = archive.ar; includeInIndex = 0; path = libPods.a; sourceTree = BUILT_PRODUCTS_DIR; };
		75097DFCEAAC3FB1955D3992 /* Pods.release.xcconfig */ = {isa = PBXFileReference; includeInIndex = 1; lastKnownFileType = text.xcconfig; name = Pods.release.xcconfig; path = "Pods/Target Support Files/Pods/Pods.release.xcconfig"; sourceTree = "<group>"; };
		A591CD351345A019841A1FAF /* Pods.debug.xcconfig */ = {isa = PBXFileReference; includeInIndex = 1; lastKnownFileType = text.xcconfig; name = Pods.debug.xcconfig; path = "Pods/Target Support Files/Pods/Pods.debug.xcconfig"; sourceTree = "<group>"; };
		D907C9F41AFCE0DB0034D444 /* FrendTableViewController.swift */ = {isa = PBXFileReference; fileEncoding = 4; lastKnownFileType = sourcecode.swift; path = FrendTableViewController.swift; sourceTree = "<group>"; };
		D907C9F61AFCE0FC0034D444 /* HomeViewController.swift */ = {isa = PBXFileReference; fileEncoding = 4; lastKnownFileType = sourcecode.swift; path = HomeViewController.swift; sourceTree = "<group>"; };
		D907C9FE1AFCEFEF0034D444 /* TZIM-Bridging-Header.h */ = {isa = PBXFileReference; fileEncoding = 4; lastKnownFileType = sourcecode.c.h; path = "TZIM-Bridging-Header.h"; sourceTree = "<group>"; };
		D907E2171AE75A3400B37D56 /* ChatManager.swift */ = {isa = PBXFileReference; fileEncoding = 4; lastKnownFileType = sourcecode.swift; path = ChatManager.swift; sourceTree = "<group>"; };
		D908409F1AE5F90900FA31C0 /* ChatConversation.swift */ = {isa = PBXFileReference; fileEncoding = 4; lastKnownFileType = sourcecode.swift; path = ChatConversation.swift; sourceTree = "<group>"; };
		D908E91C1AE8D6F500C984C7 /* NetworkUserAPI.swift */ = {isa = PBXFileReference; fileEncoding = 4; lastKnownFileType = sourcecode.swift; path = NetworkUserAPI.swift; sourceTree = "<group>"; };
		D908E91E1AE8EADC00C984C7 /* MessageManager.swift */ = {isa = PBXFileReference; fileEncoding = 4; lastKnownFileType = sourcecode.swift; path = MessageManager.swift; sourceTree = "<group>"; };
		D908E9201AE8ECD100C984C7 /* TextMessage.swift */ = {isa = PBXFileReference; fileEncoding = 4; lastKnownFileType = sourcecode.swift; path = TextMessage.swift; sourceTree = "<group>"; };
		D908E9221AE90E0F00C984C7 /* LoginViewController.swift */ = {isa = PBXFileReference; fileEncoding = 4; lastKnownFileType = sourcecode.swift; path = LoginViewController.swift; sourceTree = "<group>"; };
		D908E9241AE9E33100C984C7 /* AccountManager.swift */ = {isa = PBXFileReference; fileEncoding = 4; lastKnownFileType = sourcecode.swift; path = AccountManager.swift; sourceTree = "<group>"; };
		D91245291AFDB55900480181 /* IMGroupManager.swift */ = {isa = PBXFileReference; fileEncoding = 4; lastKnownFileType = sourcecode.swift; path = IMGroupManager.swift; sourceTree = "<group>"; };
		D912452B1AFDDA2800480181 /* GroupTableViewController.swift */ = {isa = PBXFileReference; fileEncoding = 4; lastKnownFileType = sourcecode.swift; path = GroupTableViewController.swift; sourceTree = "<group>"; };
		D91245361AFE0BBD00480181 /* IMGroupModel.swift */ = {isa = PBXFileReference; fileEncoding = 4; lastKnownFileType = sourcecode.swift; path = IMGroupModel.swift; sourceTree = "<group>"; };
		D921BFA21AEA20830054DD99 /* IMConstants.swift */ = {isa = PBXFileReference; fileEncoding = 4; lastKnownFileType = sourcecode.swift; path = IMConstants.swift; sourceTree = "<group>"; };
		D92439F71B00C28100A7AAA4 /* AccountModel.swift */ = {isa = PBXFileReference; fileEncoding = 4; lastKnownFileType = sourcecode.swift; path = AccountModel.swift; sourceTree = "<group>"; };
		D92BF8011AE25B2F00031C63 /* TZIM.app */ = {isa = PBXFileReference; explicitFileType = wrapper.application; includeInIndex = 0; path = TZIM.app; sourceTree = BUILT_PRODUCTS_DIR; };
		D92BF8051AE25B2F00031C63 /* Info.plist */ = {isa = PBXFileReference; lastKnownFileType = text.plist.xml; path = Info.plist; sourceTree = "<group>"; };
		D92BF8061AE25B2F00031C63 /* AppDelegate.swift */ = {isa = PBXFileReference; lastKnownFileType = sourcecode.swift; path = AppDelegate.swift; sourceTree = "<group>"; };
		D92BF80D1AE25B2F00031C63 /* Images.xcassets */ = {isa = PBXFileReference; lastKnownFileType = folder.assetcatalog; path = Images.xcassets; sourceTree = "<group>"; };
		D92BF8101AE25B2F00031C63 /* Base */ = {isa = PBXFileReference; lastKnownFileType = file.xib; name = Base; path = Base.lproj/LaunchScreen.xib; sourceTree = "<group>"; };
		D92BF8161AE25B2F00031C63 /* TZIMTests.xctest */ = {isa = PBXFileReference; explicitFileType = wrapper.cfbundle; includeInIndex = 0; path = TZIMTests.xctest; sourceTree = BUILT_PRODUCTS_DIR; };
		D92BF81B1AE25B2F00031C63 /* Info.plist */ = {isa = PBXFileReference; lastKnownFileType = text.plist.xml; path = Info.plist; sourceTree = "<group>"; };
		D92BF81C1AE25B2F00031C63 /* TZIMTests.swift */ = {isa = PBXFileReference; lastKnownFileType = sourcecode.swift; path = TZIMTests.swift; sourceTree = "<group>"; };
		D92BF82C1AE25B5B00031C63 /* AESCrypt.h */ = {isa = PBXFileReference; fileEncoding = 4; lastKnownFileType = sourcecode.c.h; path = AESCrypt.h; sourceTree = "<group>"; };
		D92BF82D1AE25B5B00031C63 /* AESCrypt.m */ = {isa = PBXFileReference; fileEncoding = 4; lastKnownFileType = sourcecode.c.objc; path = AESCrypt.m; sourceTree = "<group>"; };
		D92BF82E1AE25B5B00031C63 /* NSData+Base64.h */ = {isa = PBXFileReference; fileEncoding = 4; lastKnownFileType = sourcecode.c.h; path = "NSData+Base64.h"; sourceTree = "<group>"; };
		D92BF82F1AE25B5B00031C63 /* NSData+Base64.m */ = {isa = PBXFileReference; fileEncoding = 4; lastKnownFileType = sourcecode.c.objc; path = "NSData+Base64.m"; sourceTree = "<group>"; };
		D92BF8301AE25B5B00031C63 /* NSData+CommonCrypto.h */ = {isa = PBXFileReference; fileEncoding = 4; lastKnownFileType = sourcecode.c.h; path = "NSData+CommonCrypto.h"; sourceTree = "<group>"; };
		D92BF8311AE25B5B00031C63 /* NSData+CommonCrypto.m */ = {isa = PBXFileReference; fileEncoding = 4; lastKnownFileType = sourcecode.c.objc; path = "NSData+CommonCrypto.m"; sourceTree = "<group>"; };
		D92BF8321AE25B5B00031C63 /* NSString+Base64.h */ = {isa = PBXFileReference; fileEncoding = 4; lastKnownFileType = sourcecode.c.h; path = "NSString+Base64.h"; sourceTree = "<group>"; };
		D92BF8331AE25B5B00031C63 /* NSString+Base64.m */ = {isa = PBXFileReference; fileEncoding = 4; lastKnownFileType = sourcecode.c.objc; path = "NSString+Base64.m"; sourceTree = "<group>"; };
		D92BF8341AE25B5B00031C63 /* AudioMessage.swift */ = {isa = PBXFileReference; fileEncoding = 4; lastKnownFileType = sourcecode.swift; path = AudioMessage.swift; sourceTree = "<group>"; };
		D92BF8351AE25B5B00031C63 /* BaseDaoHelper.swift */ = {isa = PBXFileReference; fileEncoding = 4; lastKnownFileType = sourcecode.swift; path = BaseDaoHelper.swift; sourceTree = "<group>"; };
		D92BF8361AE25B5B00031C63 /* BaseMessage.swift */ = {isa = PBXFileReference; fileEncoding = 4; lastKnownFileType = sourcecode.swift; path = BaseMessage.swift; sourceTree = "<group>"; };
		D92BF8381AE25B5B00031C63 /* ChatMessageDaoHelper.swift */ = {isa = PBXFileReference; fileEncoding = 4; lastKnownFileType = sourcecode.swift; path = ChatMessageDaoHelper.swift; sourceTree = "<group>"; };
		D92BF8391AE25B5C00031C63 /* ConnectionManager.swift */ = {isa = PBXFileReference; fileEncoding = 4; lastKnownFileType = sourcecode.swift; path = ConnectionManager.swift; sourceTree = "<group>"; };
		D92BF83A1AE25B5C00031C63 /* DaoHelper.swift */ = {isa = PBXFileReference; fileEncoding = 4; lastKnownFileType = sourcecode.swift; path = DaoHelper.swift; sourceTree = "<group>"; };
		D92BF83D1AE25B5C00031C63 /* GexinSdk.h */ = {isa = PBXFileReference; fileEncoding = 4; lastKnownFileType = sourcecode.c.h; path = GexinSdk.h; sourceTree = "<group>"; };
		D92BF83E1AE25B5C00031C63 /* GXSdkError.h */ = {isa = PBXFileReference; fileEncoding = 4; lastKnownFileType = sourcecode.c.h; path = GXSdkError.h; sourceTree = "<group>"; };
		D92BF83F1AE25B5C00031C63 /* libGexinSdk-1.1.1.a */ = {isa = PBXFileReference; lastKnownFileType = archive.ar; path = "libGexinSdk-1.1.1.a"; sourceTree = "<group>"; };
		D92BF8411AE25B5C00031C63 /* FMDatabase.h */ = {isa = PBXFileReference; fileEncoding = 4; lastKnownFileType = sourcecode.c.h; path = FMDatabase.h; sourceTree = "<group>"; };
		D92BF8421AE25B5C00031C63 /* FMDatabase.m */ = {isa = PBXFileReference; fileEncoding = 4; lastKnownFileType = sourcecode.c.objc; path = FMDatabase.m; sourceTree = "<group>"; };
		D92BF8431AE25B5C00031C63 /* FMDatabaseAdditions.h */ = {isa = PBXFileReference; fileEncoding = 4; lastKnownFileType = sourcecode.c.h; path = FMDatabaseAdditions.h; sourceTree = "<group>"; };
		D92BF8441AE25B5C00031C63 /* FMDatabaseAdditions.m */ = {isa = PBXFileReference; fileEncoding = 4; lastKnownFileType = sourcecode.c.objc; path = FMDatabaseAdditions.m; sourceTree = "<group>"; };
		D92BF8451AE25B5C00031C63 /* FMDatabasePool.h */ = {isa = PBXFileReference; fileEncoding = 4; lastKnownFileType = sourcecode.c.h; path = FMDatabasePool.h; sourceTree = "<group>"; };
		D92BF8461AE25B5C00031C63 /* FMDatabasePool.m */ = {isa = PBXFileReference; fileEncoding = 4; lastKnownFileType = sourcecode.c.objc; path = FMDatabasePool.m; sourceTree = "<group>"; };
		D92BF8471AE25B5C00031C63 /* FMDatabaseQueue.h */ = {isa = PBXFileReference; fileEncoding = 4; lastKnownFileType = sourcecode.c.h; path = FMDatabaseQueue.h; sourceTree = "<group>"; };
		D92BF8481AE25B5C00031C63 /* FMDatabaseQueue.m */ = {isa = PBXFileReference; fileEncoding = 4; lastKnownFileType = sourcecode.c.objc; path = FMDatabaseQueue.m; sourceTree = "<group>"; };
		D92BF8491AE25B5C00031C63 /* FMDB.h */ = {isa = PBXFileReference; fileEncoding = 4; lastKnownFileType = sourcecode.c.h; path = FMDB.h; sourceTree = "<group>"; };
		D92BF84A1AE25B5C00031C63 /* FMResultSet.h */ = {isa = PBXFileReference; fileEncoding = 4; lastKnownFileType = sourcecode.c.h; path = FMResultSet.h; sourceTree = "<group>"; };
		D92BF84B1AE25B5C00031C63 /* FMResultSet.m */ = {isa = PBXFileReference; fileEncoding = 4; lastKnownFileType = sourcecode.c.objc; path = FMResultSet.m; sourceTree = "<group>"; };
		D92BF84C1AE25B5C00031C63 /* ImageMessage.swift */ = {isa = PBXFileReference; fileEncoding = 4; lastKnownFileType = sourcecode.swift; path = ImageMessage.swift; sourceTree = "<group>"; };
		D92BF84D1AE25B5C00031C63 /* LocationMessage.swift */ = {isa = PBXFileReference; fileEncoding = 4; lastKnownFileType = sourcecode.swift; path = LocationMessage.swift; sourceTree = "<group>"; };
		D92BF84E1AE25B5C00031C63 /* LvAppDelegate.swift */ = {isa = PBXFileReference; fileEncoding = 4; lastKnownFileType = sourcecode.swift; path = LvAppDelegate.swift; sourceTree = "<group>"; };
		D92BF84F1AE25B5C00031C63 /* LvSDKManager.swift */ = {isa = PBXFileReference; fileEncoding = 4; lastKnownFileType = sourcecode.swift; path = LvSDKManager.swift; sourceTree = "<group>"; };
		D92BF8501AE25B5C00031C63 /* MessageTransferManager.swift */ = {isa = PBXFileReference; fileEncoding = 4; lastKnownFileType = sourcecode.swift; path = MessageTransferManager.swift; sourceTree = "<group>"; };
		D92BF8511AE25B5C00031C63 /* MessageProtocol.swift */ = {isa = PBXFileReference; fileEncoding = 4; lastKnownFileType = sourcecode.swift; path = MessageProtocol.swift; sourceTree = "<group>"; };
		D92BF8521AE25B5C00031C63 /* MessageReceiveManager.swift */ = {isa = PBXFileReference; fileEncoding = 4; lastKnownFileType = sourcecode.swift; path = MessageReceiveManager.swift; sourceTree = "<group>"; };
		D92BF8531AE25B5C00031C63 /* MessageSendManager.swift */ = {isa = PBXFileReference; fileEncoding = 4; lastKnownFileType = sourcecode.swift; path = MessageSendManager.swift; sourceTree = "<group>"; };
		D92BF8541AE25B5C00031C63 /* MetaDataDaoHelper.swift */ = {isa = PBXFileReference; fileEncoding = 4; lastKnownFileType = sourcecode.swift; path = MetaDataDaoHelper.swift; sourceTree = "<group>"; };
		D92BF8551AE25B5C00031C63 /* PushSDK.swift */ = {isa = PBXFileReference; fileEncoding = 4; lastKnownFileType = sourcecode.swift; path = PushSDK.swift; sourceTree = "<group>"; };
		D92BF8561AE25B5C00031C63 /* TZIM-Bridging-Header.h */ = {isa = PBXFileReference; fileEncoding = 4; lastKnownFileType = sourcecode.c.h; name = "TZIM-Bridging-Header.h"; path = "IMSDK/TZIM-Bridging-Header.h"; sourceTree = "<group>"; };
		D92BF8591AE25B5C00031C63 /* amrFileCodec.h */ = {isa = PBXFileReference; fileEncoding = 4; lastKnownFileType = sourcecode.c.h; path = amrFileCodec.h; sourceTree = "<group>"; };
		D92BF85A1AE25B5C00031C63 /* amrFileCodec.mm */ = {isa = PBXFileReference; fileEncoding = 4; lastKnownFileType = sourcecode.cpp.objcpp; path = amrFileCodec.mm; sourceTree = "<group>"; };
		D92BF85B1AE25B5C00031C63 /* wav.h */ = {isa = PBXFileReference; fileEncoding = 4; lastKnownFileType = sourcecode.c.h; path = wav.h; sourceTree = "<group>"; };
		D92BF85C1AE25B5C00031C63 /* wav.mm */ = {isa = PBXFileReference; fileEncoding = 4; lastKnownFileType = sourcecode.cpp.objcpp; path = wav.mm; sourceTree = "<group>"; };
		D92BF85E1AE25B5C00031C63 /* libopencore-amrnb.a */ = {isa = PBXFileReference; lastKnownFileType = archive.ar; path = "libopencore-amrnb.a"; sourceTree = "<group>"; };
		D92BF85F1AE25B5C00031C63 /* libopencore-amrwb.a */ = {isa = PBXFileReference; lastKnownFileType = archive.ar; path = "libopencore-amrwb.a"; sourceTree = "<group>"; };
		D92BF8611AE25B5C00031C63 /* interf_dec.h */ = {isa = PBXFileReference; fileEncoding = 4; lastKnownFileType = sourcecode.c.h; path = interf_dec.h; sourceTree = "<group>"; };
		D92BF8621AE25B5C00031C63 /* interf_enc.h */ = {isa = PBXFileReference; fileEncoding = 4; lastKnownFileType = sourcecode.c.h; path = interf_enc.h; sourceTree = "<group>"; };
		D92BF8641AE25B5C00031C63 /* dec_if.h */ = {isa = PBXFileReference; fileEncoding = 4; lastKnownFileType = sourcecode.c.h; path = dec_if.h; sourceTree = "<group>"; };
		D92BF8651AE25B5C00031C63 /* if_rom.h */ = {isa = PBXFileReference; fileEncoding = 4; lastKnownFileType = sourcecode.c.h; path = if_rom.h; sourceTree = "<group>"; };
		D92BF8661AE25B5C00031C63 /* VoiceConverter.h */ = {isa = PBXFileReference; fileEncoding = 4; lastKnownFileType = sourcecode.c.h; path = VoiceConverter.h; sourceTree = "<group>"; };
		D92BF8671AE25B5C00031C63 /* VoiceConverter.mm */ = {isa = PBXFileReference; fileEncoding = 4; lastKnownFileType = sourcecode.cpp.objcpp; path = VoiceConverter.mm; sourceTree = "<group>"; };
		D92BF88B1AE25B6B00031C63 /* bubbleMine.png */ = {isa = PBXFileReference; lastKnownFileType = image.png; path = bubbleMine.png; sourceTree = "<group>"; };
		D92BF88C1AE25B6B00031C63 /* bubbleMine@2x.png */ = {isa = PBXFileReference; lastKnownFileType = image.png; path = "bubbleMine@2x.png"; sourceTree = "<group>"; };
		D92BF88D1AE25B6B00031C63 /* bubbleSomeone.png */ = {isa = PBXFileReference; lastKnownFileType = image.png; path = bubbleSomeone.png; sourceTree = "<group>"; };
		D92BF88E1AE25B6B00031C63 /* bubbleSomeone@2x.png */ = {isa = PBXFileReference; lastKnownFileType = image.png; path = "bubbleSomeone@2x.png"; sourceTree = "<group>"; };
		D92BF88F1AE25B6B00031C63 /* NSBubbleData.h */ = {isa = PBXFileReference; fileEncoding = 4; lastKnownFileType = sourcecode.c.h; path = NSBubbleData.h; sourceTree = "<group>"; };
		D92BF8901AE25B6B00031C63 /* NSBubbleData.m */ = {isa = PBXFileReference; fileEncoding = 4; lastKnownFileType = sourcecode.c.objc; path = NSBubbleData.m; sourceTree = "<group>"; };
		D92BF8911AE25B6B00031C63 /* UIBubbleHeaderTableViewCell.h */ = {isa = PBXFileReference; fileEncoding = 4; lastKnownFileType = sourcecode.c.h; path = UIBubbleHeaderTableViewCell.h; sourceTree = "<group>"; };
		D92BF8921AE25B6B00031C63 /* UIBubbleHeaderTableViewCell.m */ = {isa = PBXFileReference; fileEncoding = 4; lastKnownFileType = sourcecode.c.objc; path = UIBubbleHeaderTableViewCell.m; sourceTree = "<group>"; };
		D92BF8931AE25B6B00031C63 /* UIBubbleTableView.h */ = {isa = PBXFileReference; fileEncoding = 4; lastKnownFileType = sourcecode.c.h; path = UIBubbleTableView.h; sourceTree = "<group>"; };
		D92BF8941AE25B6B00031C63 /* UIBubbleTableView.m */ = {isa = PBXFileReference; fileEncoding = 4; lastKnownFileType = sourcecode.c.objc; path = UIBubbleTableView.m; sourceTree = "<group>"; };
		D92BF8951AE25B6B00031C63 /* UIBubbleTableViewCell.h */ = {isa = PBXFileReference; fileEncoding = 4; lastKnownFileType = sourcecode.c.h; path = UIBubbleTableViewCell.h; sourceTree = "<group>"; };
		D92BF8961AE25B6B00031C63 /* UIBubbleTableViewCell.m */ = {isa = PBXFileReference; fileEncoding = 4; lastKnownFileType = sourcecode.c.objc; path = UIBubbleTableViewCell.m; sourceTree = "<group>"; };
		D92BF8971AE25B6B00031C63 /* UIBubbleTableViewDataSource.h */ = {isa = PBXFileReference; fileEncoding = 4; lastKnownFileType = sourcecode.c.h; path = UIBubbleTableViewDataSource.h; sourceTree = "<group>"; };
		D92BF8981AE25B6B00031C63 /* UIBubbleTypingTableViewCell.h */ = {isa = PBXFileReference; fileEncoding = 4; lastKnownFileType = sourcecode.c.h; path = UIBubbleTypingTableViewCell.h; sourceTree = "<group>"; };
		D92BF8991AE25B6B00031C63 /* UIBubbleTypingTableViewCell.m */ = {isa = PBXFileReference; fileEncoding = 4; lastKnownFileType = sourcecode.c.objc; path = UIBubbleTypingTableViewCell.m; sourceTree = "<group>"; };
		D92BF89B1AE25B6B00031C63 /* ChatViewController.h */ = {isa = PBXFileReference; fileEncoding = 4; lastKnownFileType = sourcecode.c.h; path = ChatViewController.h; sourceTree = "<group>"; };
		D92BF89C1AE25B6B00031C63 /* ChatViewController.m */ = {isa = PBXFileReference; fileEncoding = 4; lastKnownFileType = sourcecode.c.objc; path = ChatViewController.m; sourceTree = "<group>"; };
		D92BF89D1AE25B6B00031C63 /* ChatViewController.xib */ = {isa = PBXFileReference; fileEncoding = 4; lastKnownFileType = file.xib; path = ChatViewController.xib; sourceTree = "<group>"; };
		D92BF89E1AE25B6B00031C63 /* ConversationViewController.h */ = {isa = PBXFileReference; fileEncoding = 4; lastKnownFileType = sourcecode.c.h; path = ConversationViewController.h; sourceTree = "<group>"; };
		D92BF89F1AE25B6B00031C63 /* ConversationViewController.m */ = {isa = PBXFileReference; fileEncoding = 4; lastKnownFileType = sourcecode.c.objc; path = ConversationViewController.m; sourceTree = "<group>"; };
		D92BF8AC1AE25B7E00031C63 /* UIKit.framework */ = {isa = PBXFileReference; lastKnownFileType = wrapper.framework; name = UIKit.framework; path = System/Library/Frameworks/UIKit.framework; sourceTree = SDKROOT; };
		D92BF8AE1AE25B8300031C63 /* Foundation.framework */ = {isa = PBXFileReference; lastKnownFileType = wrapper.framework; name = Foundation.framework; path = System/Library/Frameworks/Foundation.framework; sourceTree = SDKROOT; };
		D92BF8B01AE25B8C00031C63 /* CoreGraphics.framework */ = {isa = PBXFileReference; lastKnownFileType = wrapper.framework; name = CoreGraphics.framework; path = System/Library/Frameworks/CoreGraphics.framework; sourceTree = SDKROOT; };
		D92BF8B21AE25B9100031C63 /* CFNetwork.framework */ = {isa = PBXFileReference; lastKnownFileType = wrapper.framework; name = CFNetwork.framework; path = System/Library/Frameworks/CFNetwork.framework; sourceTree = SDKROOT; };
		D92BF8B41AE25B9600031C63 /* Security.framework */ = {isa = PBXFileReference; lastKnownFileType = wrapper.framework; name = Security.framework; path = System/Library/Frameworks/Security.framework; sourceTree = SDKROOT; };
		D92BF8B61AE25B9E00031C63 /* SystemConfiguration.framework */ = {isa = PBXFileReference; lastKnownFileType = wrapper.framework; name = SystemConfiguration.framework; path = System/Library/Frameworks/SystemConfiguration.framework; sourceTree = SDKROOT; };
		D92BF8B81AE25BA600031C63 /* libsqlite3.dylib */ = {isa = PBXFileReference; lastKnownFileType = "compiled.mach-o.dylib"; name = libsqlite3.dylib; path = usr/lib/libsqlite3.dylib; sourceTree = SDKROOT; };
		D92BF8BA1AE25BAD00031C63 /* CoreAudio.framework */ = {isa = PBXFileReference; lastKnownFileType = wrapper.framework; name = CoreAudio.framework; path = System/Library/Frameworks/CoreAudio.framework; sourceTree = SDKROOT; };
		D92BF8BC1AE25BB400031C63 /* AudioToolbox.framework */ = {isa = PBXFileReference; lastKnownFileType = wrapper.framework; name = AudioToolbox.framework; path = System/Library/Frameworks/AudioToolbox.framework; sourceTree = SDKROOT; };
		D92BF8BE1AE25BB900031C63 /* AVFoundation.framework */ = {isa = PBXFileReference; lastKnownFileType = wrapper.framework; name = AVFoundation.framework; path = System/Library/Frameworks/AVFoundation.framework; sourceTree = SDKROOT; };
		D92BF8C01AE25BC000031C63 /* libz.dylib */ = {isa = PBXFileReference; lastKnownFileType = "compiled.mach-o.dylib"; name = libz.dylib; path = usr/lib/libz.dylib; sourceTree = SDKROOT; };
		D92BF8C21AE25C6B00031C63 /* Main.storyboard */ = {isa = PBXFileReference; fileEncoding = 4; lastKnownFileType = file.storyboard; path = Main.storyboard; sourceTree = "<group>"; };
		D96393421AE7963500725E4C /* AudioDeviceManager.swift */ = {isa = PBXFileReference; fileEncoding = 4; lastKnownFileType = sourcecode.swift; path = AudioDeviceManager.swift; sourceTree = "<group>"; };
		D96393441AE79FB000725E4C /* ChatManagerAudio.swift */ = {isa = PBXFileReference; fileEncoding = 4; lastKnownFileType = sourcecode.swift; path = ChatManagerAudio.swift; sourceTree = "<group>"; };
		D96393461AE79FE200725E4C /* ChatManagerMessage.swift */ = {isa = PBXFileReference; fileEncoding = 4; lastKnownFileType = sourcecode.swift; path = ChatManagerMessage.swift; sourceTree = "<group>"; };
		D966BAEA1AFB9C0B00FA53E7 /* ChatConversationManager.swift */ = {isa = PBXFileReference; fileEncoding = 4; lastKnownFileType = sourcecode.swift; path = ChatConversationManager.swift; sourceTree = "<group>"; };
		D970978A1AEE68B900B9D3AF /* MetadataManager.swift */ = {isa = PBXFileReference; fileEncoding = 4; lastKnownFileType = sourcecode.swift; path = MetadataManager.swift; sourceTree = "<group>"; };
		D9B9EFF21AF0C69E000331B5 /* MessageReceivePool.swift */ = {isa = PBXFileReference; fileEncoding = 4; lastKnownFileType = sourcecode.swift; path = MessageReceivePool.swift; sourceTree = "<group>"; };
		D9C931FC1AE605C6003FEBA3 /* ConversationDaoHelper.swift */ = {isa = PBXFileReference; fileEncoding = 4; lastKnownFileType = sourcecode.swift; path = ConversationDaoHelper.swift; sourceTree = "<group>"; };
		D9C932001AE66B66003FEBA3 /* FrendModel.swift */ = {isa = PBXFileReference; fileEncoding = 4; lastKnownFileType = sourcecode.swift; path = FrendModel.swift; sourceTree = "<group>"; };
		D9C932031AE6852C003FEBA3 /* FrendManager.swift */ = {isa = PBXFileReference; fileEncoding = 4; lastKnownFileType = sourcecode.swift; path = FrendManager.swift; sourceTree = "<group>"; };
		D9E6B9F01AE4FA5000C95767 /* UserDaoHelper.swift */ = {isa = PBXFileReference; fileEncoding = 4; lastKnownFileType = sourcecode.swift; path = UserDaoHelper.swift; sourceTree = "<group>"; };
		D9E6B9F31AE513F400C95767 /* GroupDaoHelper.swift */ = {isa = PBXFileReference; fileEncoding = 4; lastKnownFileType = sourcecode.swift; path = GroupDaoHelper.swift; sourceTree = "<group>"; };
		D9E6B9F71AE51D2C00C95767 /* NetworkTransportAPI.swift */ = {isa = PBXFileReference; fileEncoding = 4; lastKnownFileType = sourcecode.swift; path = NetworkTransportAPI.swift; sourceTree = "<group>"; };
/* End PBXFileReference section */

/* Begin PBXFrameworksBuildPhase section */
		D92BF7FE1AE25B2F00031C63 /* Frameworks */ = {
			isa = PBXFrameworksBuildPhase;
			buildActionMask = 2147483647;
			files = (
				D92BF8C11AE25BC000031C63 /* libz.dylib in Frameworks */,
				D92BF8BF1AE25BB900031C63 /* AVFoundation.framework in Frameworks */,
				D92BF8BD1AE25BB400031C63 /* AudioToolbox.framework in Frameworks */,
				D92BF8BB1AE25BAD00031C63 /* CoreAudio.framework in Frameworks */,
				D92BF8B91AE25BA600031C63 /* libsqlite3.dylib in Frameworks */,
				D92BF8B71AE25B9E00031C63 /* SystemConfiguration.framework in Frameworks */,
				D92BF8B51AE25B9600031C63 /* Security.framework in Frameworks */,
				D92BF8B31AE25B9100031C63 /* CFNetwork.framework in Frameworks */,
				D92BF8B11AE25B8C00031C63 /* CoreGraphics.framework in Frameworks */,
				D92BF8AF1AE25B8300031C63 /* Foundation.framework in Frameworks */,
				D92BF8AD1AE25B7E00031C63 /* UIKit.framework in Frameworks */,
				D92BF8731AE25B5C00031C63 /* libGexinSdk-1.1.1.a in Frameworks */,
				D92BF8861AE25B5C00031C63 /* libopencore-amrwb.a in Frameworks */,
				D92BF8851AE25B5C00031C63 /* libopencore-amrnb.a in Frameworks */,
				0228EBB9277C91B46CCC1962 /* libPods.a in Frameworks */,
			);
			runOnlyForDeploymentPostprocessing = 0;
		};
		D92BF8131AE25B2F00031C63 /* Frameworks */ = {
			isa = PBXFrameworksBuildPhase;
			buildActionMask = 2147483647;
			files = (
			);
			runOnlyForDeploymentPostprocessing = 0;
		};
/* End PBXFrameworksBuildPhase section */

/* Begin PBXGroup section */
		52C454CD1294D0D29F4F5A45 /* Frameworks */ = {
			isa = PBXGroup;
			children = (
				0C3F1E40AE1504999FDF8060 /* libPods.a */,
			);
			name = Frameworks;
			sourceTree = "<group>";
		};
		5404C917D669DAAE8D741AFE /* Pods */ = {
			isa = PBXGroup;
			children = (
				A591CD351345A019841A1FAF /* Pods.debug.xcconfig */,
				75097DFCEAAC3FB1955D3992 /* Pods.release.xcconfig */,
			);
			name = Pods;
			sourceTree = "<group>";
		};
		D907E2161AE75A1600B37D56 /* ChatManager */ = {
			isa = PBXGroup;
			children = (
				D907E2171AE75A3400B37D56 /* ChatManager.swift */,
				D96393461AE79FE200725E4C /* ChatManagerMessage.swift */,
				D96393441AE79FB000725E4C /* ChatManagerAudio.swift */,
			);
			name = ChatManager;
			sourceTree = "<group>";
		};
		D90840A11AE5F91000FA31C0 /* ChatConversation */ = {
			isa = PBXGroup;
			children = (
				D966BAEA1AFB9C0B00FA53E7 /* ChatConversationManager.swift */,
				D908409F1AE5F90900FA31C0 /* ChatConversation.swift */,
			);
			name = ChatConversation;
			sourceTree = "<group>";
		};
		D91245251AFDAA6300480181 /* GroupManager */ = {
			isa = PBXGroup;
			children = (
				D91245291AFDB55900480181 /* IMGroupManager.swift */,
				D91245361AFE0BBD00480181 /* IMGroupModel.swift */,
			);
			name = GroupManager;
			sourceTree = "<group>";
		};
		D921BFA41AEA27590054DD99 /* Model */ = {
			isa = PBXGroup;
			children = (
				D92BF84D1AE25B5C00031C63 /* LocationMessage.swift */,
				D92BF8341AE25B5B00031C63 /* AudioMessage.swift */,
				D92BF8361AE25B5B00031C63 /* BaseMessage.swift */,
				D92BF84C1AE25B5C00031C63 /* ImageMessage.swift */,
				D908E9201AE8ECD100C984C7 /* TextMessage.swift */,
			);
			name = Model;
			sourceTree = "<group>";
		};
		D92BF7F81AE25B2F00031C63 = {
			isa = PBXGroup;
			children = (
				D92BF8C01AE25BC000031C63 /* libz.dylib */,
				D92BF8BE1AE25BB900031C63 /* AVFoundation.framework */,
				D92BF8BC1AE25BB400031C63 /* AudioToolbox.framework */,
				D92BF8BA1AE25BAD00031C63 /* CoreAudio.framework */,
				D92BF8B81AE25BA600031C63 /* libsqlite3.dylib */,
				D92BF8B61AE25B9E00031C63 /* SystemConfiguration.framework */,
				D92BF8B41AE25B9600031C63 /* Security.framework */,
				D92BF8B21AE25B9100031C63 /* CFNetwork.framework */,
				D92BF8B01AE25B8C00031C63 /* CoreGraphics.framework */,
				D92BF8AE1AE25B8300031C63 /* Foundation.framework */,
				D92BF8AC1AE25B7E00031C63 /* UIKit.framework */,
				D92BF8031AE25B2F00031C63 /* TZIM */,
				D92BF8191AE25B2F00031C63 /* TZIMTests */,
				D92BF8021AE25B2F00031C63 /* Products */,
				5404C917D669DAAE8D741AFE /* Pods */,
				52C454CD1294D0D29F4F5A45 /* Frameworks */,
			);
			sourceTree = "<group>";
		};
		D92BF8021AE25B2F00031C63 /* Products */ = {
			isa = PBXGroup;
			children = (
				D92BF8011AE25B2F00031C63 /* TZIM.app */,
				D92BF8161AE25B2F00031C63 /* TZIMTests.xctest */,
			);
			name = Products;
			sourceTree = "<group>";
		};
		D92BF8031AE25B2F00031C63 /* TZIM */ = {
			isa = PBXGroup;
			children = (
				D907C9FE1AFCEFEF0034D444 /* TZIM-Bridging-Header.h */,
				D92BF8881AE25B6B00031C63 /* UI */,
				D92BF82A1AE25B5B00031C63 /* IMSDK */,
				D92BF8041AE25B2F00031C63 /* Supporting Files */,
				D92BF81A1AE25B2F00031C63 /* Supporting Files */,
			);
			path = TZIM;
			sourceTree = "<group>";
		};
		D92BF8041AE25B2F00031C63 /* Supporting Files */ = {
			isa = PBXGroup;
			children = (
				D92BF8561AE25B5C00031C63 /* TZIM-Bridging-Header.h */,
				D92BF8C21AE25C6B00031C63 /* Main.storyboard */,
				D92BF80D1AE25B2F00031C63 /* Images.xcassets */,
				D92BF80F1AE25B2F00031C63 /* LaunchScreen.xib */,
				D92BF8061AE25B2F00031C63 /* AppDelegate.swift */,
				D92BF8051AE25B2F00031C63 /* Info.plist */,
			);
			name = "Supporting Files";
			sourceTree = "<group>";
		};
		D92BF8191AE25B2F00031C63 /* TZIMTests */ = {
			isa = PBXGroup;
			children = (
				D92BF81C1AE25B2F00031C63 /* TZIMTests.swift */,
			);
			path = TZIMTests;
			sourceTree = "<group>";
		};
		D92BF81A1AE25B2F00031C63 /* Supporting Files */ = {
			isa = PBXGroup;
			children = (
				D92BF81B1AE25B2F00031C63 /* Info.plist */,
			);
			name = "Supporting Files";
			sourceTree = "<group>";
		};
		D92BF82A1AE25B5B00031C63 /* IMSDK */ = {
			isa = PBXGroup;
			children = (
				D92BF83B1AE25B5C00031C63 /* lib */,
				D9E6B9F51AE51C4F00C95767 /* Core */,
				D9C931FE1AE66B42003FEBA3 /* Model */,
				D9E6B9E91AE4987800C95767 /* Dao */,
				D9E6B9EB1AE498CE00C95767 /* ConnectionManager */,
				D92BF84E1AE25B5C00031C63 /* LvAppDelegate.swift */,
				D92BF8551AE25B5C00031C63 /* PushSDK.swift */,
				D921BFA21AEA20830054DD99 /* IMConstants.swift */,
				D92BF84F1AE25B5C00031C63 /* LvSDKManager.swift */,
				D907E2161AE75A1600B37D56 /* ChatManager */,
				D9C932021AE684F7003FEBA3 /* UserManager */,
				D91245251AFDAA6300480181 /* GroupManager */,
				D9E6B9EA1AE498A100C95767 /* MessageManager */,
			);
			path = IMSDK;
			sourceTree = "<group>";
		};
		D92BF82B1AE25B5B00031C63 /* AES */ = {
			isa = PBXGroup;
			children = (
				D92BF82C1AE25B5B00031C63 /* AESCrypt.h */,
				D92BF82D1AE25B5B00031C63 /* AESCrypt.m */,
				D92BF82E1AE25B5B00031C63 /* NSData+Base64.h */,
				D92BF82F1AE25B5B00031C63 /* NSData+Base64.m */,
				D92BF8301AE25B5B00031C63 /* NSData+CommonCrypto.h */,
				D92BF8311AE25B5B00031C63 /* NSData+CommonCrypto.m */,
				D92BF8321AE25B5B00031C63 /* NSString+Base64.h */,
				D92BF8331AE25B5B00031C63 /* NSString+Base64.m */,
			);
			path = AES;
			sourceTree = "<group>";
		};
		D92BF83B1AE25B5C00031C63 /* lib */ = {
			isa = PBXGroup;
			children = (
				D92BF8401AE25B5C00031C63 /* FMDB */,
				D92BF83C1AE25B5C00031C63 /* include */,
				D92BF83F1AE25B5C00031C63 /* libGexinSdk-1.1.1.a */,
			);
			name = lib;
			path = dist;
			sourceTree = "<group>";
		};
		D92BF83C1AE25B5C00031C63 /* include */ = {
			isa = PBXGroup;
			children = (
				D92BF83D1AE25B5C00031C63 /* GexinSdk.h */,
				D92BF83E1AE25B5C00031C63 /* GXSdkError.h */,
			);
			path = include;
			sourceTree = "<group>";
		};
		D92BF8401AE25B5C00031C63 /* FMDB */ = {
			isa = PBXGroup;
			children = (
				D92BF8411AE25B5C00031C63 /* FMDatabase.h */,
				D92BF8421AE25B5C00031C63 /* FMDatabase.m */,
				D92BF8431AE25B5C00031C63 /* FMDatabaseAdditions.h */,
				D92BF8441AE25B5C00031C63 /* FMDatabaseAdditions.m */,
				D92BF8451AE25B5C00031C63 /* FMDatabasePool.h */,
				D92BF8461AE25B5C00031C63 /* FMDatabasePool.m */,
				D92BF8471AE25B5C00031C63 /* FMDatabaseQueue.h */,
				D92BF8481AE25B5C00031C63 /* FMDatabaseQueue.m */,
				D92BF8491AE25B5C00031C63 /* FMDB.h */,
				D92BF84A1AE25B5C00031C63 /* FMResultSet.h */,
				D92BF84B1AE25B5C00031C63 /* FMResultSet.m */,
			);
			name = FMDB;
			path = ../fmdb;
			sourceTree = "<group>";
		};
		D92BF8571AE25B5C00031C63 /* VoiceConvert */ = {
			isa = PBXGroup;
			children = (
				D92BF8581AE25B5C00031C63 /* amrwapper */,
				D92BF85D1AE25B5C00031C63 /* lib */,
				D92BF8601AE25B5C00031C63 /* opencore-amrnb */,
				D92BF8631AE25B5C00031C63 /* opencore-amrwb */,
				D92BF8661AE25B5C00031C63 /* VoiceConverter.h */,
				D92BF8671AE25B5C00031C63 /* VoiceConverter.mm */,
			);
			path = VoiceConvert;
			sourceTree = "<group>";
		};
		D92BF8581AE25B5C00031C63 /* amrwapper */ = {
			isa = PBXGroup;
			children = (
				D92BF8591AE25B5C00031C63 /* amrFileCodec.h */,
				D92BF85A1AE25B5C00031C63 /* amrFileCodec.mm */,
				D92BF85B1AE25B5C00031C63 /* wav.h */,
				D92BF85C1AE25B5C00031C63 /* wav.mm */,
			);
			path = amrwapper;
			sourceTree = "<group>";
		};
		D92BF85D1AE25B5C00031C63 /* lib */ = {
			isa = PBXGroup;
			children = (
				D92BF85E1AE25B5C00031C63 /* libopencore-amrnb.a */,
				D92BF85F1AE25B5C00031C63 /* libopencore-amrwb.a */,
			);
			path = lib;
			sourceTree = "<group>";
		};
		D92BF8601AE25B5C00031C63 /* opencore-amrnb */ = {
			isa = PBXGroup;
			children = (
				D92BF8611AE25B5C00031C63 /* interf_dec.h */,
				D92BF8621AE25B5C00031C63 /* interf_enc.h */,
			);
			path = "opencore-amrnb";
			sourceTree = "<group>";
		};
		D92BF8631AE25B5C00031C63 /* opencore-amrwb */ = {
			isa = PBXGroup;
			children = (
				D92BF8641AE25B5C00031C63 /* dec_if.h */,
				D92BF8651AE25B5C00031C63 /* if_rom.h */,
			);
			path = "opencore-amrwb";
			sourceTree = "<group>";
		};
		D92BF8881AE25B6B00031C63 /* UI */ = {
			isa = PBXGroup;
			children = (
				D92BF8891AE25B6B00031C63 /* libs */,
				D92BF89A1AE25B6B00031C63 /* ViewController */,
			);
			path = UI;
			sourceTree = "<group>";
		};
		D92BF8891AE25B6B00031C63 /* libs */ = {
			isa = PBXGroup;
			children = (
				D92BF88A1AE25B6B00031C63 /* BubbleViewController */,
			);
			path = libs;
			sourceTree = "<group>";
		};
		D92BF88A1AE25B6B00031C63 /* BubbleViewController */ = {
			isa = PBXGroup;
			children = (
				D92BF88B1AE25B6B00031C63 /* bubbleMine.png */,
				D92BF88C1AE25B6B00031C63 /* bubbleMine@2x.png */,
				D92BF88D1AE25B6B00031C63 /* bubbleSomeone.png */,
				D92BF88E1AE25B6B00031C63 /* bubbleSomeone@2x.png */,
				D92BF88F1AE25B6B00031C63 /* NSBubbleData.h */,
				D92BF8901AE25B6B00031C63 /* NSBubbleData.m */,
				D92BF8911AE25B6B00031C63 /* UIBubbleHeaderTableViewCell.h */,
				D92BF8921AE25B6B00031C63 /* UIBubbleHeaderTableViewCell.m */,
				D92BF8931AE25B6B00031C63 /* UIBubbleTableView.h */,
				D92BF8941AE25B6B00031C63 /* UIBubbleTableView.m */,
				D92BF8951AE25B6B00031C63 /* UIBubbleTableViewCell.h */,
				D92BF8961AE25B6B00031C63 /* UIBubbleTableViewCell.m */,
				D92BF8971AE25B6B00031C63 /* UIBubbleTableViewDataSource.h */,
				D92BF8981AE25B6B00031C63 /* UIBubbleTypingTableViewCell.h */,
				D92BF8991AE25B6B00031C63 /* UIBubbleTypingTableViewCell.m */,
			);
			path = BubbleViewController;
			sourceTree = "<group>";
		};
		D92BF89A1AE25B6B00031C63 /* ViewController */ = {
			isa = PBXGroup;
			children = (
				D92BF89B1AE25B6B00031C63 /* ChatViewController.h */,
				D92BF89C1AE25B6B00031C63 /* ChatViewController.m */,
				D92BF89D1AE25B6B00031C63 /* ChatViewController.xib */,
				D92BF89E1AE25B6B00031C63 /* ConversationViewController.h */,
				D92BF89F1AE25B6B00031C63 /* ConversationViewController.m */,
				D908E9221AE90E0F00C984C7 /* LoginViewController.swift */,
				D912452B1AFDDA2800480181 /* GroupTableViewController.swift */,
				D907C9F41AFCE0DB0034D444 /* FrendTableViewController.swift */,
				D907C9F61AFCE0FC0034D444 /* HomeViewController.swift */,
			);
			path = ViewController;
			sourceTree = "<group>";
		};
		D96393411AE7955900725E4C /* AudioDeviceManager */ = {
			isa = PBXGroup;
			children = (
				D96393421AE7963500725E4C /* AudioDeviceManager.swift */,
			);
			name = AudioDeviceManager;
			sourceTree = "<group>";
		};
		D97097891AEE68A600B9D3AF /* MetadataManager */ = {
			isa = PBXGroup;
			children = (
				D970978A1AEE68B900B9D3AF /* MetadataManager.swift */,
			);
			name = MetadataManager;
			sourceTree = "<group>";
		};
		D9C931FE1AE66B42003FEBA3 /* Model */ = {
			isa = PBXGroup;
			children = (
				D90840A11AE5F91000FA31C0 /* ChatConversation */,
			);
			name = Model;
			sourceTree = "<group>";
		};
		D9C931FF1AE66B4C003FEBA3 /* FrendModel */ = {
			isa = PBXGroup;
			children = (
				D9C932001AE66B66003FEBA3 /* FrendModel.swift */,
			);
			name = FrendModel;
			sourceTree = "<group>";
		};
		D9C932021AE684F7003FEBA3 /* UserManager */ = {
			isa = PBXGroup;
			children = (
				D9C931FF1AE66B4C003FEBA3 /* FrendModel */,
				D9C932031AE6852C003FEBA3 /* FrendManager.swift */,
				D908E9241AE9E33100C984C7 /* AccountManager.swift */,
				D92439F71B00C28100A7AAA4 /* AccountModel.swift */,
			);
			name = UserManager;
			sourceTree = "<group>";
		};
		D9E6B9E81AE4984800C95767 /* MessageModel */ = {
			isa = PBXGroup;
			children = (
				D908E91E1AE8EADC00C984C7 /* MessageManager.swift */,
				D921BFA41AEA27590054DD99 /* Model */,
			);
			name = MessageModel;
			sourceTree = "<group>";
		};
		D9E6B9E91AE4987800C95767 /* Dao */ = {
			isa = PBXGroup;
			children = (
				D9E6B9F21AE513D400C95767 /* GroupDaoHelper */,
				D9E6B9EF1AE4FA2D00C95767 /* UserDaoHelper */,
				D92BF83A1AE25B5C00031C63 /* DaoHelper.swift */,
				D92BF8351AE25B5B00031C63 /* BaseDaoHelper.swift */,
				D9E6B9EE1AE4D58A00C95767 /* MessageDao */,
			);
			name = Dao;
			sourceTree = "<group>";
		};
		D9E6B9EA1AE498A100C95767 /* MessageManager */ = {
			isa = PBXGroup;
			children = (
				D97097891AEE68A600B9D3AF /* MetadataManager */,
				D9E6B9E81AE4984800C95767 /* MessageModel */,
				D92BF8501AE25B5C00031C63 /* MessageTransferManager.swift */,
				D92BF8511AE25B5C00031C63 /* MessageProtocol.swift */,
				D9E6B9EC1AE49A2000C95767 /* MessageReceiveManager */,
				D9E6B9ED1AE49A2C00C95767 /* MessageSendManager */,
			);
			name = MessageManager;
			sourceTree = "<group>";
		};
		D9E6B9EB1AE498CE00C95767 /* ConnectionManager */ = {
			isa = PBXGroup;
			children = (
				D92BF8391AE25B5C00031C63 /* ConnectionManager.swift */,
			);
			name = ConnectionManager;
			sourceTree = "<group>";
		};
		D9E6B9EC1AE49A2000C95767 /* MessageReceiveManager */ = {
			isa = PBXGroup;
			children = (
				D92BF8521AE25B5C00031C63 /* MessageReceiveManager.swift */,
				D9B9EFF21AF0C69E000331B5 /* MessageReceivePool.swift */,
			);
			name = MessageReceiveManager;
			sourceTree = "<group>";
		};
		D9E6B9ED1AE49A2C00C95767 /* MessageSendManager */ = {
			isa = PBXGroup;
			children = (
				D92BF8531AE25B5C00031C63 /* MessageSendManager.swift */,
			);
			name = MessageSendManager;
			sourceTree = "<group>";
		};
		D9E6B9EE1AE4D58A00C95767 /* MessageDao */ = {
			isa = PBXGroup;
			children = (
				D92BF8381AE25B5B00031C63 /* ChatMessageDaoHelper.swift */,
				D92BF8541AE25B5C00031C63 /* MetaDataDaoHelper.swift */,
			);
			name = MessageDao;
			sourceTree = "<group>";
		};
		D9E6B9EF1AE4FA2D00C95767 /* UserDaoHelper */ = {
			isa = PBXGroup;
			children = (
				D9E6B9F01AE4FA5000C95767 /* UserDaoHelper.swift */,
				D9C931FC1AE605C6003FEBA3 /* ConversationDaoHelper.swift */,
			);
			name = UserDaoHelper;
			sourceTree = "<group>";
		};
		D9E6B9F21AE513D400C95767 /* GroupDaoHelper */ = {
			isa = PBXGroup;
			children = (
				D9E6B9F31AE513F400C95767 /* GroupDaoHelper.swift */,
			);
			name = GroupDaoHelper;
			sourceTree = "<group>";
		};
		D9E6B9F51AE51C4F00C95767 /* Core */ = {
			isa = PBXGroup;
			children = (
				D96393411AE7955900725E4C /* AudioDeviceManager */,
				D9E6B9F61AE51C5D00C95767 /* Network */,
				D92BF82B1AE25B5B00031C63 /* AES */,
				D92BF8571AE25B5C00031C63 /* VoiceConvert */,
			);
			name = Core;
			sourceTree = "<group>";
		};
		D9E6B9F61AE51C5D00C95767 /* Network */ = {
			isa = PBXGroup;
			children = (
				D9E6B9F71AE51D2C00C95767 /* NetworkTransportAPI.swift */,
				D908E91C1AE8D6F500C984C7 /* NetworkUserAPI.swift */,
			);
			name = Network;
			sourceTree = "<group>";
		};
/* End PBXGroup section */

/* Begin PBXNativeTarget section */
		D92BF8001AE25B2F00031C63 /* TZIM */ = {
			isa = PBXNativeTarget;
			buildConfigurationList = D92BF8201AE25B2F00031C63 /* Build configuration list for PBXNativeTarget "TZIM" */;
			buildPhases = (
				A1F9D570A7D219BEC8C43F39 /* Check Pods Manifest.lock */,
				D92BF7FD1AE25B2F00031C63 /* Sources */,
				D92BF7FE1AE25B2F00031C63 /* Frameworks */,
				D92BF7FF1AE25B2F00031C63 /* Resources */,
				F8F23DC9661F1924DB611A23 /* Copy Pods Resources */,
			);
			buildRules = (
			);
			dependencies = (
			);
			name = TZIM;
			productName = TZIM;
			productReference = D92BF8011AE25B2F00031C63 /* TZIM.app */;
			productType = "com.apple.product-type.application";
		};
		D92BF8151AE25B2F00031C63 /* TZIMTests */ = {
			isa = PBXNativeTarget;
			buildConfigurationList = D92BF8231AE25B2F00031C63 /* Build configuration list for PBXNativeTarget "TZIMTests" */;
			buildPhases = (
				D92BF8121AE25B2F00031C63 /* Sources */,
				D92BF8131AE25B2F00031C63 /* Frameworks */,
				D92BF8141AE25B2F00031C63 /* Resources */,
			);
			buildRules = (
			);
			dependencies = (
				D92BF8181AE25B2F00031C63 /* PBXTargetDependency */,
			);
			name = TZIMTests;
			productName = TZIMTests;
			productReference = D92BF8161AE25B2F00031C63 /* TZIMTests.xctest */;
			productType = "com.apple.product-type.bundle.unit-test";
		};
/* End PBXNativeTarget section */

/* Begin PBXProject section */
		D92BF7F91AE25B2F00031C63 /* Project object */ = {
			isa = PBXProject;
			attributes = {
				LastUpgradeCheck = 0630;
				ORGANIZATIONNAME = com.aizou.www;
				TargetAttributes = {
					D92BF8001AE25B2F00031C63 = {
						CreatedOnToolsVersion = 6.3;
						SystemCapabilities = {
							com.apple.BackgroundModes = {
								enabled = 1;
							};
						};
					};
					D92BF8151AE25B2F00031C63 = {
						CreatedOnToolsVersion = 6.3;
						TestTargetID = D92BF8001AE25B2F00031C63;
					};
				};
			};
			buildConfigurationList = D92BF7FC1AE25B2F00031C63 /* Build configuration list for PBXProject "TZIM" */;
			compatibilityVersion = "Xcode 3.2";
			developmentRegion = English;
			hasScannedForEncodings = 0;
			knownRegions = (
				en,
				Base,
			);
			mainGroup = D92BF7F81AE25B2F00031C63;
			productRefGroup = D92BF8021AE25B2F00031C63 /* Products */;
			projectDirPath = "";
			projectRoot = "";
			targets = (
				D92BF8001AE25B2F00031C63 /* TZIM */,
				D92BF8151AE25B2F00031C63 /* TZIMTests */,
			);
		};
/* End PBXProject section */

/* Begin PBXResourcesBuildPhase section */
		D92BF7FF1AE25B2F00031C63 /* Resources */ = {
			isa = PBXResourcesBuildPhase;
			buildActionMask = 2147483647;
			files = (
				D92BF8A31AE25B6B00031C63 /* bubbleSomeone@2x.png in Resources */,
				D92BF8A21AE25B6B00031C63 /* bubbleSomeone.png in Resources */,
				D92BF8A11AE25B6B00031C63 /* bubbleMine@2x.png in Resources */,
				D92BF8C31AE25C6B00031C63 /* Main.storyboard in Resources */,
				D92BF8111AE25B2F00031C63 /* LaunchScreen.xib in Resources */,
				D92BF8A01AE25B6B00031C63 /* bubbleMine.png in Resources */,
				D92BF8AA1AE25B6B00031C63 /* ChatViewController.xib in Resources */,
				D92BF80E1AE25B2F00031C63 /* Images.xcassets in Resources */,
			);
			runOnlyForDeploymentPostprocessing = 0;
		};
		D92BF8141AE25B2F00031C63 /* Resources */ = {
			isa = PBXResourcesBuildPhase;
			buildActionMask = 2147483647;
			files = (
			);
			runOnlyForDeploymentPostprocessing = 0;
		};
/* End PBXResourcesBuildPhase section */

/* Begin PBXShellScriptBuildPhase section */
		A1F9D570A7D219BEC8C43F39 /* Check Pods Manifest.lock */ = {
			isa = PBXShellScriptBuildPhase;
			buildActionMask = 2147483647;
			files = (
			);
			inputPaths = (
			);
			name = "Check Pods Manifest.lock";
			outputPaths = (
			);
			runOnlyForDeploymentPostprocessing = 0;
			shellPath = /bin/sh;
			shellScript = "diff \"${PODS_ROOT}/../Podfile.lock\" \"${PODS_ROOT}/Manifest.lock\" > /dev/null\nif [[ $? != 0 ]] ; then\n    cat << EOM\nerror: The sandbox is not in sync with the Podfile.lock. Run 'pod install' or update your CocoaPods installation.\nEOM\n    exit 1\nfi\n";
			showEnvVarsInLog = 0;
		};
		F8F23DC9661F1924DB611A23 /* Copy Pods Resources */ = {
			isa = PBXShellScriptBuildPhase;
			buildActionMask = 2147483647;
			files = (
			);
			inputPaths = (
			);
			name = "Copy Pods Resources";
			outputPaths = (
			);
			runOnlyForDeploymentPostprocessing = 0;
			shellPath = /bin/sh;
			shellScript = "\"${SRCROOT}/Pods/Target Support Files/Pods/Pods-resources.sh\"\n";
			showEnvVarsInLog = 0;
		};
/* End PBXShellScriptBuildPhase section */

/* Begin PBXSourcesBuildPhase section */
		D92BF7FD1AE25B2F00031C63 /* Sources */ = {
			isa = PBXSourcesBuildPhase;
			buildActionMask = 2147483647;
			files = (
				D92BF87C1AE25B5C00031C63 /* LvSDKManager.swift in Sources */,
				D92BF86C1AE25B5C00031C63 /* AudioMessage.swift in Sources */,
				D92BF8711AE25B5C00031C63 /* ConnectionManager.swift in Sources */,
				D92BF87B1AE25B5C00031C63 /* LvAppDelegate.swift in Sources */,
				D90840A01AE5F90900FA31C0 /* ChatConversation.swift in Sources */,
				D92BF87A1AE25B5C00031C63 /* LocationMessage.swift in Sources */,
				D92BF86B1AE25B5C00031C63 /* NSString+Base64.m in Sources */,
				D92BF8A51AE25B6B00031C63 /* UIBubbleHeaderTableViewCell.m in Sources */,
				D92BF8741AE25B5C00031C63 /* FMDatabase.m in Sources */,
				D92BF8801AE25B5C00031C63 /* MessageSendManager.swift in Sources */,
				D92BF8A61AE25B6B00031C63 /* UIBubbleTableView.m in Sources */,
				D9C932011AE66B66003FEBA3 /* FrendModel.swift in Sources */,
				D9E6B9F81AE51D2C00C95767 /* NetworkTransportAPI.swift in Sources */,
				D92BF87E1AE25B5C00031C63 /* MessageProtocol.swift in Sources */,
				D9E6B9F41AE513F400C95767 /* GroupDaoHelper.swift in Sources */,
				D92BF87F1AE25B5C00031C63 /* MessageReceiveManager.swift in Sources */,
				D908E9211AE8ECD100C984C7 /* TextMessage.swift in Sources */,
				D92BF8841AE25B5C00031C63 /* wav.mm in Sources */,
				D921BFA31AEA20830054DD99 /* IMConstants.swift in Sources */,
				D907C9F71AFCE0FC0034D444 /* HomeViewController.swift in Sources */,
				D912452A1AFDB55900480181 /* IMGroupManager.swift in Sources */,
				D92BF8701AE25B5C00031C63 /* ChatMessageDaoHelper.swift in Sources */,
				D96393471AE79FE200725E4C /* ChatManagerMessage.swift in Sources */,
				D9C932041AE6852C003FEBA3 /* FrendManager.swift in Sources */,
				D966BAEB1AFB9C0B00FA53E7 /* ChatConversationManager.swift in Sources */,
				D92BF8791AE25B5C00031C63 /* ImageMessage.swift in Sources */,
				D92BF8A81AE25B6B00031C63 /* UIBubbleTypingTableViewCell.m in Sources */,
				D908E9231AE90E0F00C984C7 /* LoginViewController.swift in Sources */,
				D92BF8831AE25B5C00031C63 /* amrFileCodec.mm in Sources */,
				D92BF8781AE25B5C00031C63 /* FMResultSet.m in Sources */,
				D92BF8A41AE25B6B00031C63 /* NSBubbleData.m in Sources */,
				D92BF8A91AE25B6B00031C63 /* ChatViewController.m in Sources */,
				D96393431AE7963500725E4C /* AudioDeviceManager.swift in Sources */,
				D92BF8721AE25B5C00031C63 /* DaoHelper.swift in Sources */,
				D92BF8A71AE25B6B00031C63 /* UIBubbleTableViewCell.m in Sources */,
				D908E9251AE9E33100C984C7 /* AccountManager.swift in Sources */,
				D907C9F51AFCE0DB0034D444 /* FrendTableViewController.swift in Sources */,
				D92BF86E1AE25B5C00031C63 /* BaseMessage.swift in Sources */,
				D970978B1AEE68B900B9D3AF /* MetadataManager.swift in Sources */,
				D9E6B9F11AE4FA5000C95767 /* UserDaoHelper.swift in Sources */,
				D9B9EFF31AF0C69E000331B5 /* MessageReceivePool.swift in Sources */,
				D912452C1AFDDA2800480181 /* GroupTableViewController.swift in Sources */,
				D96393451AE79FB000725E4C /* ChatManagerAudio.swift in Sources */,
				D907E2181AE75A3400B37D56 /* ChatManager.swift in Sources */,
				D92BF8691AE25B5C00031C63 /* NSData+Base64.m in Sources */,
				D92BF8821AE25B5C00031C63 /* PushSDK.swift in Sources */,
				D92BF86A1AE25B5C00031C63 /* NSData+CommonCrypto.m in Sources */,
				D92439F81B00C28100A7AAA4 /* AccountModel.swift in Sources */,
				D908E91F1AE8EADC00C984C7 /* MessageManager.swift in Sources */,
				D92BF86D1AE25B5C00031C63 /* BaseDaoHelper.swift in Sources */,
				D908E91D1AE8D6F500C984C7 /* NetworkUserAPI.swift in Sources */,
				D92BF87D1AE25B5C00031C63 /* MessageTransferManager.swift in Sources */,
				D92BF8681AE25B5C00031C63 /* AESCrypt.m in Sources */,
				D92BF8AB1AE25B6B00031C63 /* ConversationViewController.m in Sources */,
				D9C931FD1AE605C6003FEBA3 /* ConversationDaoHelper.swift in Sources */,
				D92BF8811AE25B5C00031C63 /* MetaDataDaoHelper.swift in Sources */,
				D92BF8761AE25B5C00031C63 /* FMDatabasePool.m in Sources */,
				D92BF8771AE25B5C00031C63 /* FMDatabaseQueue.m in Sources */,
				D92BF8871AE25B5C00031C63 /* VoiceConverter.mm in Sources */,
				D92BF8071AE25B2F00031C63 /* AppDelegate.swift in Sources */,
				D92BF8751AE25B5C00031C63 /* FMDatabaseAdditions.m in Sources */,
				D91245371AFE0BBD00480181 /* IMGroupModel.swift in Sources */,
			);
			runOnlyForDeploymentPostprocessing = 0;
		};
		D92BF8121AE25B2F00031C63 /* Sources */ = {
			isa = PBXSourcesBuildPhase;
			buildActionMask = 2147483647;
			files = (
				D92BF81D1AE25B2F00031C63 /* TZIMTests.swift in Sources */,
			);
			runOnlyForDeploymentPostprocessing = 0;
		};
/* End PBXSourcesBuildPhase section */

/* Begin PBXTargetDependency section */
		D92BF8181AE25B2F00031C63 /* PBXTargetDependency */ = {
			isa = PBXTargetDependency;
			target = D92BF8001AE25B2F00031C63 /* TZIM */;
			targetProxy = D92BF8171AE25B2F00031C63 /* PBXContainerItemProxy */;
		};
/* End PBXTargetDependency section */

/* Begin PBXVariantGroup section */
		D92BF80F1AE25B2F00031C63 /* LaunchScreen.xib */ = {
			isa = PBXVariantGroup;
			children = (
				D92BF8101AE25B2F00031C63 /* Base */,
			);
			name = LaunchScreen.xib;
			sourceTree = "<group>";
		};
/* End PBXVariantGroup section */

/* Begin XCBuildConfiguration section */
		D92BF81E1AE25B2F00031C63 /* Debug */ = {
			isa = XCBuildConfiguration;
			buildSettings = {
				ALWAYS_SEARCH_USER_PATHS = NO;
				CLANG_CXX_LANGUAGE_STANDARD = "gnu++0x";
				CLANG_CXX_LIBRARY = "libc++";
				CLANG_ENABLE_MODULES = YES;
				CLANG_ENABLE_OBJC_ARC = YES;
				CLANG_WARN_BOOL_CONVERSION = YES;
				CLANG_WARN_CONSTANT_CONVERSION = YES;
				CLANG_WARN_DIRECT_OBJC_ISA_USAGE = YES_ERROR;
				CLANG_WARN_EMPTY_BODY = YES;
				CLANG_WARN_ENUM_CONVERSION = YES;
				CLANG_WARN_INT_CONVERSION = YES;
				CLANG_WARN_OBJC_ROOT_CLASS = YES_ERROR;
				CLANG_WARN_UNREACHABLE_CODE = YES;
				CLANG_WARN__DUPLICATE_METHOD_MATCH = YES;
				"CODE_SIGN_IDENTITY[sdk=iphoneos*]" = "iPhone Developer";
				COPY_PHASE_STRIP = NO;
				DEBUG_INFORMATION_FORMAT = "dwarf-with-dsym";
				ENABLE_STRICT_OBJC_MSGSEND = YES;
				GCC_C_LANGUAGE_STANDARD = gnu99;
				GCC_DYNAMIC_NO_PIC = NO;
				GCC_NO_COMMON_BLOCKS = YES;
				GCC_OPTIMIZATION_LEVEL = 0;
				GCC_PREPROCESSOR_DEFINITIONS = (
					"DEBUG=1",
					"$(inherited)",
				);
				GCC_SYMBOLS_PRIVATE_EXTERN = NO;
				GCC_WARN_64_TO_32_BIT_CONVERSION = YES;
				GCC_WARN_ABOUT_RETURN_TYPE = YES_ERROR;
				GCC_WARN_UNDECLARED_SELECTOR = YES;
				GCC_WARN_UNINITIALIZED_AUTOS = YES_AGGRESSIVE;
				GCC_WARN_UNUSED_FUNCTION = YES;
				GCC_WARN_UNUSED_VARIABLE = YES;
				IPHONEOS_DEPLOYMENT_TARGET = 7.0;
				MTL_ENABLE_DEBUG_INFO = YES;
				ONLY_ACTIVE_ARCH = YES;
				SDKROOT = iphoneos;
				SWIFT_OPTIMIZATION_LEVEL = "-Onone";
			};
			name = Debug;
		};
		D92BF81F1AE25B2F00031C63 /* Release */ = {
			isa = XCBuildConfiguration;
			buildSettings = {
				ALWAYS_SEARCH_USER_PATHS = NO;
				CLANG_CXX_LANGUAGE_STANDARD = "gnu++0x";
				CLANG_CXX_LIBRARY = "libc++";
				CLANG_ENABLE_MODULES = YES;
				CLANG_ENABLE_OBJC_ARC = YES;
				CLANG_WARN_BOOL_CONVERSION = YES;
				CLANG_WARN_CONSTANT_CONVERSION = YES;
				CLANG_WARN_DIRECT_OBJC_ISA_USAGE = YES_ERROR;
				CLANG_WARN_EMPTY_BODY = YES;
				CLANG_WARN_ENUM_CONVERSION = YES;
				CLANG_WARN_INT_CONVERSION = YES;
				CLANG_WARN_OBJC_ROOT_CLASS = YES_ERROR;
				CLANG_WARN_UNREACHABLE_CODE = YES;
				CLANG_WARN__DUPLICATE_METHOD_MATCH = YES;
				"CODE_SIGN_IDENTITY[sdk=iphoneos*]" = "iPhone Developer";
				COPY_PHASE_STRIP = NO;
				DEBUG_INFORMATION_FORMAT = "dwarf-with-dsym";
				ENABLE_NS_ASSERTIONS = NO;
				ENABLE_STRICT_OBJC_MSGSEND = YES;
				GCC_C_LANGUAGE_STANDARD = gnu99;
				GCC_NO_COMMON_BLOCKS = YES;
				GCC_WARN_64_TO_32_BIT_CONVERSION = YES;
				GCC_WARN_ABOUT_RETURN_TYPE = YES_ERROR;
				GCC_WARN_UNDECLARED_SELECTOR = YES;
				GCC_WARN_UNINITIALIZED_AUTOS = YES_AGGRESSIVE;
				GCC_WARN_UNUSED_FUNCTION = YES;
				GCC_WARN_UNUSED_VARIABLE = YES;
				IPHONEOS_DEPLOYMENT_TARGET = 7.0;
				MTL_ENABLE_DEBUG_INFO = NO;
				SDKROOT = iphoneos;
				VALIDATE_PRODUCT = YES;
			};
			name = Release;
		};
		D92BF8211AE25B2F00031C63 /* Debug */ = {
			isa = XCBuildConfiguration;
			baseConfigurationReference = A591CD351345A019841A1FAF /* Pods.debug.xcconfig */;
			buildSettings = {
				ASSETCATALOG_COMPILER_APPICON_NAME = AppIcon;
				CLANG_ENABLE_MODULES = YES;
				INFOPLIST_FILE = TZIM/Info.plist;
				IPHONEOS_DEPLOYMENT_TARGET = 7.0;
				LD_RUNPATH_SEARCH_PATHS = "$(inherited) @executable_path/Frameworks";
				LIBRARY_SEARCH_PATHS = (
					"$(inherited)",
					"$(PROJECT_DIR)/TZIM/IMSDK/dist",
					"$(PROJECT_DIR)/TZIM/IMSDK/VoiceConvert/lib",
				);
				PRODUCT_NAME = "$(TARGET_NAME)";
				PROVISIONING_PROFILE = "e5fbe33f-5ec6-4721-8617-7f7046347d35";
				SWIFT_OBJC_BRIDGING_HEADER = "TZIM/TZIM-Bridging-Header.h";
				SWIFT_OPTIMIZATION_LEVEL = "-Onone";
			};
			name = Debug;
		};
		D92BF8221AE25B2F00031C63 /* Release */ = {
			isa = XCBuildConfiguration;
			baseConfigurationReference = 75097DFCEAAC3FB1955D3992 /* Pods.release.xcconfig */;
			buildSettings = {
				ASSETCATALOG_COMPILER_APPICON_NAME = AppIcon;
				CLANG_ENABLE_MODULES = YES;
				INFOPLIST_FILE = TZIM/Info.plist;
				IPHONEOS_DEPLOYMENT_TARGET = 7.0;
				LD_RUNPATH_SEARCH_PATHS = "$(inherited) @executable_path/Frameworks";
				LIBRARY_SEARCH_PATHS = (
					"$(inherited)",
					"$(PROJECT_DIR)/TZIM/IMSDK/dist",
					"$(PROJECT_DIR)/TZIM/IMSDK/VoiceConvert/lib",
				);
				PRODUCT_NAME = "$(TARGET_NAME)";
				SWIFT_OBJC_BRIDGING_HEADER = "TZIM/TZIM-Bridging-Header.h";
			};
			name = Release;
		};
		D92BF8241AE25B2F00031C63 /* Debug */ = {
			isa = XCBuildConfiguration;
			buildSettings = {
				BUNDLE_LOADER = "$(TEST_HOST)";
				FRAMEWORK_SEARCH_PATHS = (
					"$(SDKROOT)/Developer/Library/Frameworks",
					"$(inherited)",
				);
				GCC_PREPROCESSOR_DEFINITIONS = (
					"DEBUG=1",
					"$(inherited)",
				);
				INFOPLIST_FILE = TZIMTests/Info.plist;
				LD_RUNPATH_SEARCH_PATHS = "$(inherited) @executable_path/Frameworks @loader_path/Frameworks";
				PRODUCT_NAME = "$(TARGET_NAME)";
				TEST_HOST = "$(BUILT_PRODUCTS_DIR)/TZIM.app/TZIM";
			};
			name = Debug;
		};
		D92BF8251AE25B2F00031C63 /* Release */ = {
			isa = XCBuildConfiguration;
			buildSettings = {
				BUNDLE_LOADER = "$(TEST_HOST)";
				FRAMEWORK_SEARCH_PATHS = (
					"$(SDKROOT)/Developer/Library/Frameworks",
					"$(inherited)",
				);
				INFOPLIST_FILE = TZIMTests/Info.plist;
				LD_RUNPATH_SEARCH_PATHS = "$(inherited) @executable_path/Frameworks @loader_path/Frameworks";
				PRODUCT_NAME = "$(TARGET_NAME)";
				TEST_HOST = "$(BUILT_PRODUCTS_DIR)/TZIM.app/TZIM";
			};
			name = Release;
		};
/* End XCBuildConfiguration section */

/* Begin XCConfigurationList section */
		D92BF7FC1AE25B2F00031C63 /* Build configuration list for PBXProject "TZIM" */ = {
			isa = XCConfigurationList;
			buildConfigurations = (
				D92BF81E1AE25B2F00031C63 /* Debug */,
				D92BF81F1AE25B2F00031C63 /* Release */,
			);
			defaultConfigurationIsVisible = 0;
			defaultConfigurationName = Release;
		};
		D92BF8201AE25B2F00031C63 /* Build configuration list for PBXNativeTarget "TZIM" */ = {
			isa = XCConfigurationList;
			buildConfigurations = (
				D92BF8211AE25B2F00031C63 /* Debug */,
				D92BF8221AE25B2F00031C63 /* Release */,
			);
			defaultConfigurationIsVisible = 0;
			defaultConfigurationName = Release;
		};
		D92BF8231AE25B2F00031C63 /* Build configuration list for PBXNativeTarget "TZIMTests" */ = {
			isa = XCConfigurationList;
			buildConfigurations = (
				D92BF8241AE25B2F00031C63 /* Debug */,
				D92BF8251AE25B2F00031C63 /* Release */,
			);
			defaultConfigurationIsVisible = 0;
			defaultConfigurationName = Release;
		};
/* End XCConfigurationList section */
	};
	rootObject = D92BF7F91AE25B2F00031C63 /* Project object */;
}
